
Microsoft Visual Studio Solution File, Format Version 12.00
# Visual Studio Version 17
VisualStudioVersion = 17.10.34607.79
MinimumVisualStudioVersion = 10.0.40219.1
Project("{FAE04EC0-301F-11D3-BF4B-00C04F79EFBC}") = "ConsoleApp", "ConsoleApp.csproj", "{CDF6B475-BB3D-4933-B2F3-CF853EBA64AE}"
EndProject
Global
	GlobalSection(SolutionConfigurationPlatforms) = preSolution
		Debug|Any CPU = Debug|Any CPU
		Release|Any CPU = Release|Any CPU
	EndGlobalSection
	GlobalSection(ProjectConfigurationPlatforms) = postSolution
		{CDF6B475-BB3D-4933-B2F3-CF853EBA64AE}.Debug|Any CPU.ActiveCfg = Debug|Any CPU
		{CDF6B475-BB3D-4933-B2F3-CF853EBA64AE}.Debug|Any CPU.Build.0 = Debug|Any CPU
		{CDF6B475-BB3D-4933-B2F3-CF853EBA64AE}.Release|Any CPU.ActiveCfg = Release|Any CPU
		{CDF6B475-BB3D-4933-B2F3-CF853EBA64AE}.Release|Any CPU.Build.0 = Release|Any CPU
	EndGlobalSection
	GlobalSection(SolutionProperties) = preSolution
		HideSolutionNode = FALSE
	EndGlobalSection
	GlobalSection(ExtensibilityGlobals) = postSolution
		SolutionGuid = {5DC61121-D1C0-4914-8EA5-3F40EDCE8FD4}
	EndGlobalSection
EndGlobal
